// !$*UTF8*$!
{
	archiveVersion = 1;
	classes = {
	};
	objectVersion = 50;
	objects = {

/* Begin PBXBuildFile section */
		F92B777620DB100100E220FF /* AppDelegate.swift in Sources */ = {isa = PBXBuildFile; fileRef = F92B777520DB100100E220FF /* AppDelegate.swift */; };
		F92B777820DB100100E220FF /* ViewController.swift in Sources */ = {isa = PBXBuildFile; fileRef = F92B777720DB100100E220FF /* ViewController.swift */; };
		F92B777B20DB100100E220FF /* Main.storyboard in Resources */ = {isa = PBXBuildFile; fileRef = F92B777920DB100100E220FF /* Main.storyboard */; };
		F92B777E20DB100100E220FF /* SSDPBrowserUsingthirdPartyLibrary.xcdatamodeld in Sources */ = {isa = PBXBuildFile; fileRef = F92B777C20DB100100E220FF /* SSDPBrowserUsingthirdPartyLibrary.xcdatamodeld */; };
		F92B778020DB101400E220FF /* Assets.xcassets in Resources */ = {isa = PBXBuildFile; fileRef = F92B777F20DB101400E220FF /* Assets.xcassets */; };
		F92B778320DB101400E220FF /* LaunchScreen.storyboard in Resources */ = {isa = PBXBuildFile; fileRef = F92B778120DB101400E220FF /* LaunchScreen.storyboard */; };
		F92B778E20DB101500E220FF /* SSDPBrowserUsingthirdPartyLibraryTests.swift in Sources */ = {isa = PBXBuildFile; fileRef = F92B778D20DB101500E220FF /* SSDPBrowserUsingthirdPartyLibraryTests.swift */; };
/* End PBXBuildFile section */

/* Begin PBXContainerItemProxy section */
		F92B778A20DB101500E220FF /* PBXContainerItemProxy */ = {
			isa = PBXContainerItemProxy;
			containerPortal = F92B776A20DB100100E220FF /* Project object */;
			proxyType = 1;
			remoteGlobalIDString = F92B777120DB100100E220FF;
			remoteInfo = SSDPBrowserUsingthirdPartyLibrary;
		};
/* End PBXContainerItemProxy section */

/* Begin PBXFileReference section */
		F92B777220DB100100E220FF /* SSDPBrowserUsingthirdPartyLibrary.app */ = {isa = PBXFileReference; explicitFileType = wrapper.application; includeInIndex = 0; path = SSDPBrowserUsingthirdPartyLibrary.app; sourceTree = BUILT_PRODUCTS_DIR; };
		F92B777520DB100100E220FF /* AppDelegate.swift */ = {isa = PBXFileReference; lastKnownFileType = sourcecode.swift; path = AppDelegate.swift; sourceTree = "<group>"; };
		F92B777720DB100100E220FF /* ViewController.swift */ = {isa = PBXFileReference; lastKnownFileType = sourcecode.swift; path = ViewController.swift; sourceTree = "<group>"; };
		F92B777A20DB100100E220FF /* Base */ = {isa = PBXFileReference; lastKnownFileType = file.storyboard; name = Base; path = Base.lproj/Main.storyboard; sourceTree = "<group>"; };
		F92B777D20DB100100E220FF /* SSDPBrowserUsingthirdPartyLibrary.xcdatamodel */ = {isa = PBXFileReference; lastKnownFileType = wrapper.xcdatamodel; path = SSDPBrowserUsingthirdPartyLibrary.xcdatamodel; sourceTree = "<group>"; };
		F92B777F20DB101400E220FF /* Assets.xcassets */ = {isa = PBXFileReference; lastKnownFileType = folder.assetcatalog; path = Assets.xcassets; sourceTree = "<group>"; };
		F92B778220DB101400E220FF /* Base */ = {isa = PBXFileReference; lastKnownFileType = file.storyboard; name = Base; path = Base.lproj/LaunchScreen.storyboard; sourceTree = "<group>"; };
		F92B778420DB101400E220FF /* Info.plist */ = {isa = PBXFileReference; lastKnownFileType = text.plist.xml; path = Info.plist; sourceTree = "<group>"; };
		F92B778920DB101500E220FF /* SSDPBrowserUsingthirdPartyLibraryTests.xctest */ = {isa = PBXFileReference; explicitFileType = wrapper.cfbundle; includeInIndex = 0; path = SSDPBrowserUsingthirdPartyLibraryTests.xctest; sourceTree = BUILT_PRODUCTS_DIR; };
		F92B778D20DB101500E220FF /* SSDPBrowserUsingthirdPartyLibraryTests.swift */ = {isa = PBXFileReference; lastKnownFileType = sourcecode.swift; path = SSDPBrowserUsingthirdPartyLibraryTests.swift; sourceTree = "<group>"; };
		F92B778F20DB101500E220FF /* Info.plist */ = {isa = PBXFileReference; lastKnownFileType = text.plist.xml; path = Info.plist; sourceTree = "<group>"; };
/* End PBXFileReference section */

/* Begin PBXFrameworksBuildPhase section */
		F92B776F20DB100100E220FF /* Frameworks */ = {
			isa = PBXFrameworksBuildPhase;
			buildActionMask = 2147483647;
			files = (
			);
			runOnlyForDeploymentPostprocessing = 0;
		};
		F92B778620DB101500E220FF /* Frameworks */ = {
			isa = PBXFrameworksBuildPhase;
			buildActionMask = 2147483647;
			files = (
			);
			runOnlyForDeploymentPostprocessing = 0;
		};
/* End PBXFrameworksBuildPhase section */

/* Begin PBXGroup section */
		F92B776920DB100100E220FF = {
			isa = PBXGroup;
			children = (
				F92B777420DB100100E220FF /* SSDPBrowserUsingthirdPartyLibrary */,
				F92B778C20DB101500E220FF /* SSDPBrowserUsingthirdPartyLibraryTests */,
				F92B777320DB100100E220FF /* Products */,
			);
			sourceTree = "<group>";
		};
		F92B777320DB100100E220FF /* Products */ = {
			isa = PBXGroup;
			children = (
				F92B777220DB100100E220FF /* SSDPBrowserUsingthirdPartyLibrary.app */,
				F92B778920DB101500E220FF /* SSDPBrowserUsingthirdPartyLibraryTests.xctest */,
			);
			name = Products;
			sourceTree = "<group>";
		};
		F92B777420DB100100E220FF /* SSDPBrowserUsingthirdPartyLibrary */ = {
			isa = PBXGroup;
			children = (
				F92B777520DB100100E220FF /* AppDelegate.swift */,
				F92B777720DB100100E220FF /* ViewController.swift */,
				F92B777920DB100100E220FF /* Main.storyboard */,
				F92B777F20DB101400E220FF /* Assets.xcassets */,
				F92B778120DB101400E220FF /* LaunchScreen.storyboard */,
				F92B778420DB101400E220FF /* Info.plist */,
				F92B777C20DB100100E220FF /* SSDPBrowserUsingthirdPartyLibrary.xcdatamodeld */,
			);
			path = SSDPBrowserUsingthirdPartyLibrary;
			sourceTree = "<group>";
		};
		F92B778C20DB101500E220FF /* SSDPBrowserUsingthirdPartyLibraryTests */ = {
			isa = PBXGroup;
			children = (
				F92B778D20DB101500E220FF /* SSDPBrowserUsingthirdPartyLibraryTests.swift */,
				F92B778F20DB101500E220FF /* Info.plist */,
			);
			path = SSDPBrowserUsingthirdPartyLibraryTests;
			sourceTree = "<group>";
		};
/* End PBXGroup section */

/* Begin PBXNativeTarget section */
		F92B777120DB100100E220FF /* SSDPBrowserUsingthirdPartyLibrary */ = {
			isa = PBXNativeTarget;
			buildConfigurationList = F92B779220DB101500E220FF /* Build configuration list for PBXNativeTarget "SSDPBrowserUsingthirdPartyLibrary" */;
			buildPhases = (
				F92B776E20DB100100E220FF /* Sources */,
				F92B776F20DB100100E220FF /* Frameworks */,
				F92B777020DB100100E220FF /* Resources */,
			);
			buildRules = (
			);
			dependencies = (
			);
			name = SSDPBrowserUsingthirdPartyLibrary;
			productName = SSDPBrowserUsingthirdPartyLibrary;
			productReference = F92B777220DB100100E220FF /* SSDPBrowserUsingthirdPartyLibrary.app */;
			productType = "com.apple.product-type.application";
		};
		F92B778820DB101500E220FF /* SSDPBrowserUsingthirdPartyLibraryTests */ = {
			isa = PBXNativeTarget;
			buildConfigurationList = F92B779520DB101500E220FF /* Build configuration list for PBXNativeTarget "SSDPBrowserUsingthirdPartyLibraryTests" */;
			buildPhases = (
				F92B778520DB101500E220FF /* Sources */,
				F92B778620DB101500E220FF /* Frameworks */,
				F92B778720DB101500E220FF /* Resources */,
			);
			buildRules = (
			);
			dependencies = (
				F92B778B20DB101500E220FF /* PBXTargetDependency */,
			);
			name = SSDPBrowserUsingthirdPartyLibraryTests;
			productName = SSDPBrowserUsingthirdPartyLibraryTests;
			productReference = F92B778920DB101500E220FF /* SSDPBrowserUsingthirdPartyLibraryTests.xctest */;
			productType = "com.apple.product-type.bundle.unit-test";
		};
/* End PBXNativeTarget section */

/* Begin PBXProject section */
		F92B776A20DB100100E220FF /* Project object */ = {
			isa = PBXProject;
			attributes = {
				LastSwiftUpdateCheck = 0940;
				LastUpgradeCheck = 0940;
				ORGANIZATIONNAME = "Prajakta Kulkarni";
				TargetAttributes = {
					F92B777120DB100100E220FF = {
						CreatedOnToolsVersion = 9.4;
					};
					F92B778820DB101500E220FF = {
						CreatedOnToolsVersion = 9.4;
						TestTargetID = F92B777120DB100100E220FF;
					};
				};
			};
			buildConfigurationList = F92B776D20DB100100E220FF /* Build configuration list for PBXProject "SSDPBrowserUsingthirdPartyLibrary" */;
			compatibilityVersion = "Xcode 9.3";
			developmentRegion = en;
			hasScannedForEncodings = 0;
			knownRegions = (
				en,
				Base,
			);
			mainGroup = F92B776920DB100100E220FF;
			productRefGroup = F92B777320DB100100E220FF /* Products */;
			projectDirPath = "";
			projectRoot = "";
			targets = (
				F92B777120DB100100E220FF /* SSDPBrowserUsingthirdPartyLibrary */,
				F92B778820DB101500E220FF /* SSDPBrowserUsingthirdPartyLibraryTests */,
			);
		};
/* End PBXProject section */

/* Begin PBXResourcesBuildPhase section */
		F92B777020DB100100E220FF /* Resources */ = {
			isa = PBXResourcesBuildPhase;
			buildActionMask = 2147483647;
			files = (
				F92B778320DB101400E220FF /* LaunchScreen.storyboard in Resources */,
				F92B778020DB101400E220FF /* Assets.xcassets in Resources */,
				F92B777B20DB100100E220FF /* Main.storyboard in Resources */,
			);
			runOnlyForDeploymentPostprocessing = 0;
		};
		F92B778720DB101500E220FF /* Resources */ = {
			isa = PBXResourcesBuildPhase;
			buildActionMask = 2147483647;
			files = (
			);
			runOnlyForDeploymentPostprocessing = 0;
		};
/* End PBXResourcesBuildPhase section */

/* Begin PBXSourcesBuildPhase section */
		F92B776E20DB100100E220FF /* Sources */ = {
			isa = PBXSourcesBuildPhase;
			buildActionMask = 2147483647;
			files = (
				F92B777E20DB100100E220FF /* SSDPBrowserUsingthirdPartyLibrary.xcdatamodeld in Sources */,
				F92B777820DB100100E220FF /* ViewController.swift in Sources */,
				F92B777620DB100100E220FF /* AppDelegate.swift in Sources */,
			);
			runOnlyForDeploymentPostprocessing = 0;
		};
		F92B778520DB101500E220FF /* Sources */ = {
			isa = PBXSourcesBuildPhase;
			buildActionMask = 2147483647;
			files = (
				F92B778E20DB101500E220FF /* SSDPBrowserUsingthirdPartyLibraryTests.swift in Sources */,
			);
			runOnlyForDeploymentPostprocessing = 0;
		};
/* End PBXSourcesBuildPhase section */

/* Begin PBXTargetDependency section */
		F92B778B20DB101500E220FF /* PBXTargetDependency */ = {
			isa = PBXTargetDependency;
			target = F92B777120DB100100E220FF /* SSDPBrowserUsingthirdPartyLibrary */;
			targetProxy = F92B778A20DB101500E220FF /* PBXContainerItemProxy */;
		};
/* End PBXTargetDependency section */

/* Begin PBXVariantGroup section */
		F92B777920DB100100E220FF /* Main.storyboard */ = {
			isa = PBXVariantGroup;
			children = (
				F92B777A20DB100100E220FF /* Base */,
			);
			name = Main.storyboard;
			sourceTree = "<group>";
		};
		F92B778120DB101400E220FF /* LaunchScreen.storyboard */ = {
			isa = PBXVariantGroup;
			children = (
				F92B778220DB101400E220FF /* Base */,
			);
			name = LaunchScreen.storyboard;
			sourceTree = "<group>";
		};
/* End PBXVariantGroup section */

/* Begin XCBuildConfiguration section */
		F92B779020DB101500E220FF /* Debug */ = {
			isa = XCBuildConfiguration;
			buildSettings = {
				ALWAYS_SEARCH_USER_PATHS = NO;
				CLANG_ANALYZER_NONNULL = YES;
				CLANG_ANALYZER_NUMBER_OBJECT_CONVERSION = YES_AGGRESSIVE;
				CLANG_CXX_LANGUAGE_STANDARD = "gnu++14";
				CLANG_CXX_LIBRARY = "libc++";
				CLANG_ENABLE_MODULES = YES;
				CLANG_ENABLE_OBJC_ARC = YES;
				CLANG_ENABLE_OBJC_WEAK = YES;
				CLANG_WARN_BLOCK_CAPTURE_AUTORELEASING = YES;
				CLANG_WARN_BOOL_CONVERSION = YES;
				CLANG_WARN_COMMA = YES;
				CLANG_WARN_CONSTANT_CONVERSION = YES;
				CLANG_WARN_DEPRECATED_OBJC_IMPLEMENTATIONS = YES;
				CLANG_WARN_DIRECT_OBJC_ISA_USAGE = YES_ERROR;
				CLANG_WARN_DOCUMENTATION_COMMENTS = YES;
				CLANG_WARN_EMPTY_BODY = YES;
				CLANG_WARN_ENUM_CONVERSION = YES;
				CLANG_WARN_INFINITE_RECURSION = YES;
				CLANG_WARN_INT_CONVERSION = YES;
				CLANG_WARN_NON_LITERAL_NULL_CONVERSION = YES;
				CLANG_WARN_OBJC_IMPLICIT_RETAIN_SELF = YES;
				CLANG_WARN_OBJC_LITERAL_CONVERSION = YES;
				CLANG_WARN_OBJC_ROOT_CLASS = YES_ERROR;
				CLANG_WARN_RANGE_LOOP_ANALYSIS = YES;
				CLANG_WARN_STRICT_PROTOTYPES = YES;
				CLANG_WARN_SUSPICIOUS_MOVE = YES;
				CLANG_WARN_UNGUARDED_AVAILABILITY = YES_AGGRESSIVE;
				CLANG_WARN_UNREACHABLE_CODE = YES;
				CLANG_WARN__DUPLICATE_METHOD_MATCH = YES;
				CODE_SIGN_IDENTITY = "iPhone Developer";
				COPY_PHASE_STRIP = NO;
				DEBUG_INFORMATION_FORMAT = dwarf;
				ENABLE_STRICT_OBJC_MSGSEND = YES;
				ENABLE_TESTABILITY = YES;
				GCC_C_LANGUAGE_STANDARD = gnu11;
				GCC_DYNAMIC_NO_PIC = NO;
				GCC_NO_COMMON_BLOCKS = YES;
				GCC_OPTIMIZATION_LEVEL = 0;
				GCC_PREPROCESSOR_DEFINITIONS = (
					"DEBUG=1",
					"$(inherited)",
				);
				GCC_WARN_64_TO_32_BIT_CONVERSION = YES;
				GCC_WARN_ABOUT_RETURN_TYPE = YES_ERROR;
				GCC_WARN_UNDECLARED_SELECTOR = YES;
				GCC_WARN_UNINITIALIZED_AUTOS = YES_AGGRESSIVE;
				GCC_WARN_UNUSED_FUNCTION = YES;
				GCC_WARN_UNUSED_VARIABLE = YES;
				IPHONEOS_DEPLOYMENT_TARGET = 11.4;
				MTL_ENABLE_DEBUG_INFO = YES;
				ONLY_ACTIVE_ARCH = YES;
				SDKROOT = iphoneos;
				SWIFT_ACTIVE_COMPILATION_CONDITIONS = DEBUG;
				SWIFT_OPTIMIZATION_LEVEL = "-Onone";
			};
			name = Debug;
		};
		F92B779120DB101500E220FF /* Release */ = {
			isa = XCBuildConfiguration;
			buildSettings = {
				ALWAYS_SEARCH_USER_PATHS = NO;
				CLANG_ANALYZER_NONNULL = YES;
				CLANG_ANALYZER_NUMBER_OBJECT_CONVERSION = YES_AGGRESSIVE;
				CLANG_CXX_LANGUAGE_STANDARD = "gnu++14";
				CLANG_CXX_LIBRARY = "libc++";
				CLANG_ENABLE_MODULES = YES;
				CLANG_ENABLE_OBJC_ARC = YES;
				CLANG_ENABLE_OBJC_WEAK = YES;
				CLANG_WARN_BLOCK_CAPTURE_AUTORELEASING = YES;
				CLANG_WARN_BOOL_CONVERSION = YES;
				CLANG_WARN_COMMA = YES;
				CLANG_WARN_CONSTANT_CONVERSION = YES;
				CLANG_WARN_DEPRECATED_OBJC_IMPLEMENTATIONS = YES;
				CLANG_WARN_DIRECT_OBJC_ISA_USAGE = YES_ERROR;
				CLANG_WARN_DOCUMENTATION_COMMENTS = YES;
				CLANG_WARN_EMPTY_BODY = YES;
				CLANG_WARN_ENUM_CONVERSION = YES;
				CLANG_WARN_INFINITE_RECURSION = YES;
				CLANG_WARN_INT_CONVERSION = YES;
				CLANG_WARN_NON_LITERAL_NULL_CONVERSION = YES;
				CLANG_WARN_OBJC_IMPLICIT_RETAIN_SELF = YES;
				CLANG_WARN_OBJC_LITERAL_CONVERSION = YES;
				CLANG_WARN_OBJC_ROOT_CLASS = YES_ERROR;
				CLANG_WARN_RANGE_LOOP_ANALYSIS = YES;
				CLANG_WARN_STRICT_PROTOTYPES = YES;
				CLANG_WARN_SUSPICIOUS_MOVE = YES;
				CLANG_WARN_UNGUARDED_AVAILABILITY = YES_AGGRESSIVE;
				CLANG_WARN_UNREACHABLE_CODE = YES;
				CLANG_WARN__DUPLICATE_METHOD_MATCH = YES;
				CODE_SIGN_IDENTITY = "iPhone Developer";
				COPY_PHASE_STRIP = NO;
				DEBUG_INFORMATION_FORMAT = "dwarf-with-dsym";
				ENABLE_NS_ASSERTIONS = NO;
				ENABLE_STRICT_OBJC_MSGSEND = YES;
				GCC_C_LANGUAGE_STANDARD = gnu11;
				GCC_NO_COMMON_BLOCKS = YES;
				GCC_WARN_64_TO_32_BIT_CONVERSION = YES;
				GCC_WARN_ABOUT_RETURN_TYPE = YES_ERROR;
				GCC_WARN_UNDECLARED_SELECTOR = YES;
				GCC_WARN_UNINITIALIZED_AUTOS = YES_AGGRESSIVE;
				GCC_WARN_UNUSED_FUNCTION = YES;
				GCC_WARN_UNUSED_VARIABLE = YES;
				IPHONEOS_DEPLOYMENT_TARGET = 11.4;
				MTL_ENABLE_DEBUG_INFO = NO;
				SDKROOT = iphoneos;
				SWIFT_COMPILATION_MODE = wholemodule;
				SWIFT_OPTIMIZATION_LEVEL = "-O";
				VALIDATE_PRODUCT = YES;
			};
			name = Release;
		};
		F92B779320DB101500E220FF /* Debug */ = {
			isa = XCBuildConfiguration;
			buildSettings = {
				ASSETCATALOG_COMPILER_APPICON_NAME = AppIcon;
				CODE_SIGN_STYLE = Automatic;
				DEVELOPMENT_TEAM = 6AC44Z6PNA;
				INFOPLIST_FILE = SSDPBrowserUsingthirdPartyLibrary/Info.plist;
				LD_RUNPATH_SEARCH_PATHS = (
					"$(inherited)",
					"@executable_path/Frameworks",
				);
				PRODUCT_BUNDLE_IDENTIFIER = com.pk.SSDPBrowserUsingthirdPartyLibrary;
				PRODUCT_NAME = "$(TARGET_NAME)";
				SWIFT_VERSION = 4.0;
				TARGETED_DEVICE_FAMILY = "1,2";
			};
			name = Debug;
		};
		F92B779420DB101500E220FF /* Release */ = {
			isa = XCBuildConfiguration;
			buildSettings = {
				ASSETCATALOG_COMPILER_APPICON_NAME = AppIcon;
				CODE_SIGN_STYLE = Automatic;
				DEVELOPMENT_TEAM = 6AC44Z6PNA;
				INFOPLIST_FILE = SSDPBrowserUsingthirdPartyLibrary/Info.plist;
				LD_RUNPATH_SEARCH_PATHS = (
					"$(inherited)",
					"@executable_path/Frameworks",
				);
				PRODUCT_BUNDLE_IDENTIFIER = com.pk.SSDPBrowserUsingthirdPartyLibrary;
				PRODUCT_NAME = "$(TARGET_NAME)";
				SWIFT_VERSION = 4.0;
				TARGETED_DEVICE_FAMILY = "1,2";
			};
			name = Release;
		};
		F92B779620DB101500E220FF /* Debug */ = {
			isa = XCBuildConfiguration;
			buildSettings = {
				ALWAYS_EMBED_SWIFT_STANDARD_LIBRARIES = YES;
				BUNDLE_LOADER = "$(TEST_HOST)";
				CODE_SIGN_STYLE = Automatic;
				DEVELOPMENT_TEAM = 6AC44Z6PNA;
				INFOPLIST_FILE = SSDPBrowserUsingthirdPartyLibraryTests/Info.plist;
				LD_RUNPATH_SEARCH_PATHS = (
					"$(inherited)",
					"@executable_path/Frameworks",
					"@loader_path/Frameworks",
				);
				PRODUCT_BUNDLE_IDENTIFIER = com.pk.SSDPBrowserUsingthirdPartyLibraryTests;
				PRODUCT_NAME = "$(TARGET_NAME)";
				SWIFT_VERSION = 4.0;
				TARGETED_DEVICE_FAMILY = "1,2";
				TEST_HOST = "$(BUILT_PRODUCTS_DIR)/SSDPBrowserUsingthirdPartyLibrary.app/SSDPBrowserUsingthirdPartyLibrary";
			};
			name = Debug;
		};
		F92B779720DB101500E220FF /* Release */ = {
			isa = XCBuildConfiguration;
			buildSettings = {
				ALWAYS_EMBED_SWIFT_STANDARD_LIBRARIES = YES;
				BUNDLE_LOADER = "$(TEST_HOST)";
				CODE_SIGN_STYLE = Automatic;
				DEVELOPMENT_TEAM = 6AC44Z6PNA;
				INFOPLIST_FILE = SSDPBrowserUsingthirdPartyLibraryTests/Info.plist;
				LD_RUNPATH_SEARCH_PATHS = (
					"$(inherited)",
					"@executable_path/Frameworks",
					"@loader_path/Frameworks",
				);
				PRODUCT_BUNDLE_IDENTIFIER = com.pk.SSDPBrowserUsingthirdPartyLibraryTests;
				PRODUCT_NAME = "$(TARGET_NAME)";
				SWIFT_VERSION = 4.0;
				TARGETED_DEVICE_FAMILY = "1,2";
				TEST_HOST = "$(BUILT_PRODUCTS_DIR)/SSDPBrowserUsingthirdPartyLibrary.app/SSDPBrowserUsingthirdPartyLibrary";
			};
			name = Release;
		};
/* End XCBuildConfiguration section */

/* Begin XCConfigurationList section */
		F92B776D20DB100100E220FF /* Build configuration list for PBXProject "SSDPBrowserUsingthirdPartyLibrary" */ = {
			isa = XCConfigurationList;
			buildConfigurations = (
				F92B779020DB101500E220FF /* Debug */,
				F92B779120DB101500E220FF /* Release */,
			);
			defaultConfigurationIsVisible = 0;
			defaultConfigurationName = Release;
		};
		F92B779220DB101500E220FF /* Build configuration list for PBXNativeTarget "SSDPBrowserUsingthirdPartyLibrary" */ = {
			isa = XCConfigurationList;
			buildConfigurations = (
				F92B779320DB101500E220FF /* Debug */,
				F92B779420DB101500E220FF /* Release */,
			);
			defaultConfigurationIsVisible = 0;
			defaultConfigurationName = Release;
		};
		F92B779520DB101500E220FF /* Build configuration list for PBXNativeTarget "SSDPBrowserUsingthirdPartyLibraryTests" */ = {
			isa = XCConfigurationList;
			buildConfigurations = (
				F92B779620DB101500E220FF /* Debug */,
				F92B779720DB101500E220FF /* Release */,
			);
			defaultConfigurationIsVisible = 0;
			defaultConfigurationName = Release;
		};
/* End XCConfigurationList section */

/* Begin XCVersionGroup section */
		F92B777C20DB100100E220FF /* SSDPBrowserUsingthirdPartyLibrary.xcdatamodeld */ = {
			isa = XCVersionGroup;
			children = (
				F92B777D20DB100100E220FF /* SSDPBrowserUsingthirdPartyLibrary.xcdatamodel */,
			);
			currentVersion = F92B777D20DB100100E220FF /* SSDPBrowserUsingthirdPartyLibrary.xcdatamodel */;
			path = SSDPBrowserUsingthirdPartyLibrary.xcdatamodeld;
			sourceTree = "<group>";
			versionGroupType = wrapper.xcdatamodel;
		};
/* End XCVersionGroup section */
	};
	rootObject = F92B776A20DB100100E220FF /* Project object */;
}
